// !$*UTF8*$!
{
	archiveVersion = 1;
	classes = {
	};
	objectVersion = 56;
	objects = {

/* Begin PBXBuildFile section */
		CC0000000000000000000101 /* ClayCornerApp.swift in Sources */ = {isa = PBXBuildFile; fileRef = CC0000000000000000000001 /* ClayCornerApp.swift */; };
		CC0000000000000000000102 /* CornerWebPanel.swift in Sources */ = {isa = PBXBuildFile; fileRef = CC0000000000000000000002 /* CornerWebPanel.swift */; };
		CC0000000000000000000103 /* ClayLaunchScreen.swift in Sources */ = {isa = PBXBuildFile; fileRef = CC0000000000000000000003 /* ClayLaunchScreen.swift */; };
		CC0000000000000000000104 /* ClayTheme.swift in Sources */ = {isa = PBXBuildFile; fileRef = CC0000000000000000000004 /* ClayTheme.swift */; };
		CC0000000000000000000105 /* ClayIcons.swift in Sources */ = {isa = PBXBuildFile; fileRef = CC0000000000000000000005 /* ClayIcons.swift */; };
		CC0000000000000000000106 /* ClayModels.swift in Sources */ = {isa = PBXBuildFile; fileRef = CC0000000000000000000006 /* ClayModels.swift */; };
		CC0000000000000000000107 /* ClayStore.swift in Sources */ = {isa = PBXBuildFile; fileRef = CC0000000000000000000007 /* ClayStore.swift */; };
		CC0000000000000000000108 /* PotRender.swift in Sources */ = {isa = PBXBuildFile; fileRef = CC0000000000000000000008 /* PotRender.swift */; };
		CC0000000000000000000109 /* WheelStudioView.swift in Sources */ = {isa = PBXBuildFile; fileRef = CC0000000000000000000009 /* WheelStudioView.swift */; };
		CC0000000000000000000110 /* GlazeStudioView.swift in Sources */ = {isa = PBXBuildFile; fileRef = CC0000000000000000000010 /* GlazeStudioView.swift */; };
		CC0000000000000000000111 /* KilnView.swift in Sources */ = {isa = PBXBuildFile; fileRef = CC0000000000000000000011 /* KilnView.swift */; };
		CC0000000000000000000112 /* GalleryView.swift in Sources */ = {isa = PBXBuildFile; fileRef = CC0000000000000000000012 /* GalleryView.swift */; };
		CC0000000000000000000113 /* HandbookView.swift in Sources */ = {isa = PBXBuildFile; fileRef = CC0000000000000000000013 /* HandbookView.swift */; };
		CC0000000000000000000114 /* HandbookContent.swift in Sources */ = {isa = PBXBuildFile; fileRef = CC0000000000000000000014 /* HandbookContent.swift */; };
		CC0000000000000000000115 /* MoreView.swift in Sources */ = {isa = PBXBuildFile; fileRef = CC0000000000000000000015 /* MoreView.swift */; };
		CC0000000000000000000116 /* OnboardingView.swift in Sources */ = {isa = PBXBuildFile; fileRef = CC0000000000000000000016 /* OnboardingView.swift */; };
		CC0000000000000000000117 /* RootView.swift in Sources */ = {isa = PBXBuildFile; fileRef = CC0000000000000000000017 /* RootView.swift */; };
		CC0000000000000000000131 /* FormLibrary.swift in Sources */ = {isa = PBXBuildFile; fileRef = CC0000000000000000000031 /* FormLibrary.swift */; };
		CC0000000000000000000132 /* JourneyStore.swift in Sources */ = {isa = PBXBuildFile; fileRef = CC0000000000000000000032 /* JourneyStore.swift */; };
		CC0000000000000000000133 /* JourneyView.swift in Sources */ = {isa = PBXBuildFile; fileRef = CC0000000000000000000033 /* JourneyView.swift */; };
		CC0000000000000000000134 /* ConfettiView.swift in Sources */ = {isa = PBXBuildFile; fileRef = CC0000000000000000000034 /* ConfettiView.swift */; };
		CC0000000000000000000120 /* Assets.xcassets in Resources */ = {isa = PBXBuildFile; fileRef = CC0000000000000000000020 /* Assets.xcassets */; };
		CC0000000000000000000121 /* Art in Resources */ = {isa = PBXBuildFile; fileRef = CC0000000000000000000021 /* Art */; };
		CC0000000000000000000122 /* PrivacyInfo.xcprivacy in Resources */ = {isa = PBXBuildFile; fileRef = CC0000000000000000000024 /* PrivacyInfo.xcprivacy */; };
/* End PBXBuildFile section */

/* Begin PBXFileReference section */
		CC0000000000000000000001 /* ClayCornerApp.swift */ = {isa = PBXFileReference; lastKnownFileType = sourcecode.swift; path = ClayCornerApp.swift; sourceTree = "<group>"; };
		CC0000000000000000000002 /* CornerWebPanel.swift */ = {isa = PBXFileReference; lastKnownFileType = sourcecode.swift; path = CornerWebPanel.swift; sourceTree = "<group>"; };
		CC0000000000000000000003 /* ClayLaunchScreen.swift */ = {isa = PBXFileReference; lastKnownFileType = sourcecode.swift; path = ClayLaunchScreen.swift; sourceTree = "<group>"; };
		CC0000000000000000000004 /* ClayTheme.swift */ = {isa = PBXFileReference; lastKnownFileType = sourcecode.swift; path = ClayTheme.swift; sourceTree = "<group>"; };
		CC0000000000000000000005 /* ClayIcons.swift */ = {isa = PBXFileReference; lastKnownFileType = sourcecode.swift; path = ClayIcons.swift; sourceTree = "<group>"; };
		CC0000000000000000000006 /* ClayModels.swift */ = {isa = PBXFileReference; lastKnownFileType = sourcecode.swift; path = ClayModels.swift; sourceTree = "<group>"; };
		CC0000000000000000000007 /* ClayStore.swift */ = {isa = PBXFileReference; lastKnownFileType = sourcecode.swift; path = ClayStore.swift; sourceTree = "<group>"; };
		CC0000000000000000000008 /* PotRender.swift */ = {isa = PBXFileReference; lastKnownFileType = sourcecode.swift; path = PotRender.swift; sourceTree = "<group>"; };
		CC0000000000000000000009 /* WheelStudioView.swift */ = {isa = PBXFileReference; lastKnownFileType = sourcecode.swift; path = WheelStudioView.swift; sourceTree = "<group>"; };
		CC0000000000000000000010 /* GlazeStudioView.swift */ = {isa = PBXFileReference; lastKnownFileType = sourcecode.swift; path = GlazeStudioView.swift; sourceTree = "<group>"; };
		CC0000000000000000000011 /* KilnView.swift */ = {isa = PBXFileReference; lastKnownFileType = sourcecode.swift; path = KilnView.swift; sourceTree = "<group>"; };
		CC0000000000000000000012 /* GalleryView.swift */ = {isa = PBXFileReference; lastKnownFileType = sourcecode.swift; path = GalleryView.swift; sourceTree = "<group>"; };
		CC0000000000000000000013 /* HandbookView.swift */ = {isa = PBXFileReference; lastKnownFileType = sourcecode.swift; path = HandbookView.swift; sourceTree = "<group>"; };
		CC0000000000000000000014 /* HandbookContent.swift */ = {isa = PBXFileReference; lastKnownFileType = sourcecode.swift; path = HandbookContent.swift; sourceTree = "<group>"; };
		CC0000000000000000000015 /* MoreView.swift */ = {isa = PBXFileReference; lastKnownFileType = sourcecode.swift; path = MoreView.swift; sourceTree = "<group>"; };
		CC0000000000000000000016 /* OnboardingView.swift */ = {isa = PBXFileReference; lastKnownFileType = sourcecode.swift; path = OnboardingView.swift; sourceTree = "<group>"; };
		CC0000000000000000000017 /* RootView.swift */ = {isa = PBXFileReference; lastKnownFileType = sourcecode.swift; path = RootView.swift; sourceTree = "<group>"; };
		CC0000000000000000000031 /* FormLibrary.swift */ = {isa = PBXFileReference; lastKnownFileType = sourcecode.swift; path = FormLibrary.swift; sourceTree = "<group>"; };
		CC0000000000000000000032 /* JourneyStore.swift */ = {isa = PBXFileReference; lastKnownFileType = sourcecode.swift; path = JourneyStore.swift; sourceTree = "<group>"; };
		CC0000000000000000000033 /* JourneyView.swift */ = {isa = PBXFileReference; lastKnownFileType = sourcecode.swift; path = JourneyView.swift; sourceTree = "<group>"; };
		CC0000000000000000000034 /* ConfettiView.swift */ = {isa = PBXFileReference; lastKnownFileType = sourcecode.swift; path = ConfettiView.swift; sourceTree = "<group>"; };
		CC0000000000000000000020 /* Assets.xcassets */ = {isa = PBXFileReference; lastKnownFileType = folder.assetcatalog; path = Assets.xcassets; sourceTree = "<group>"; };
		CC0000000000000000000021 /* Art */ = {isa = PBXFileReference; lastKnownFileType = folder; path = Art; sourceTree = "<group>"; };
		CC0000000000000000000022 /* Info.plist */ = {isa = PBXFileReference; lastKnownFileType = text.plist.xml; path = Info.plist; sourceTree = "<group>"; };
		CC0000000000000000000024 /* PrivacyInfo.xcprivacy */ = {isa = PBXFileReference; lastKnownFileType = text.plist.xml; path = PrivacyInfo.xcprivacy; sourceTree = "<group>"; };
		CC0000000000000000000023 /* Clay Corner.app */ = {isa = PBXFileReference; explicitFileType = wrapper.application; includeInIndex = 0; path = "Clay Corner.app"; sourceTree = BUILT_PRODUCTS_DIR; };
/* End PBXFileReference section */

/* Begin PBXFrameworksBuildPhase section */
		CC0000000000000000000201 /* Frameworks */ = {
			isa = PBXFrameworksBuildPhase;
			buildActionMask = 2147483647;
			files = (
			);
			runOnlyForDeploymentPostprocessing = 0;
		};
/* End PBXFrameworksBuildPhase section */

/* Begin PBXGroup section */
		CC0000000000000000000301 = {
			isa = PBXGroup;
			children = (
				CC0000000000000000000302 /* Clay Corner */,
				CC0000000000000000000303 /* Products */,
			);
			sourceTree = "<group>";
		};
		CC0000000000000000000302 /* Clay Corner */ = {
			isa = PBXGroup;
			children = (
				CC0000000000000000000001 /* ClayCornerApp.swift */,
				CC0000000000000000000002 /* CornerWebPanel.swift */,
				CC0000000000000000000003 /* ClayLaunchScreen.swift */,
				CC0000000000000000000004 /* ClayTheme.swift */,
				CC0000000000000000000005 /* ClayIcons.swift */,
				CC0000000000000000000006 /* ClayModels.swift */,
				CC0000000000000000000007 /* ClayStore.swift */,
				CC0000000000000000000008 /* PotRender.swift */,
				CC0000000000000000000009 /* WheelStudioView.swift */,
				CC0000000000000000000010 /* GlazeStudioView.swift */,
				CC0000000000000000000011 /* KilnView.swift */,
				CC0000000000000000000012 /* GalleryView.swift */,
				CC0000000000000000000013 /* HandbookView.swift */,
				CC0000000000000000000014 /* HandbookContent.swift */,
				CC0000000000000000000015 /* MoreView.swift */,
				CC0000000000000000000016 /* OnboardingView.swift */,
				CC0000000000000000000017 /* RootView.swift */,
				CC0000000000000000000031 /* FormLibrary.swift */,
				CC0000000000000000000032 /* JourneyStore.swift */,
				CC0000000000000000000033 /* JourneyView.swift */,
				CC0000000000000000000034 /* ConfettiView.swift */,
				CC0000000000000000000020 /* Assets.xcassets */,
				CC0000000000000000000021 /* Art */,
				CC0000000000000000000022 /* Info.plist */,
				CC0000000000000000000024 /* PrivacyInfo.xcprivacy */,
			);
			path = "Clay Corner";
			sourceTree = "<group>";
		};
		CC0000000000000000000303 /* Products */ = {
			isa = PBXGroup;
			children = (
				CC0000000000000000000023 /* Clay Corner.app */,
			);
			name = Products;
			sourceTree = "<group>";
		};
/* End PBXGroup section */

/* Begin PBXNativeTarget section */
		CC0000000000000000000401 /* Clay Corner */ = {
			isa = PBXNativeTarget;
			buildConfigurationList = CC0000000000000000000501 /* Build configuration list for PBXNativeTarget "Clay Corner" */;
			buildPhases = (
				CC0000000000000000000601 /* Sources */,
				CC0000000000000000000201 /* Frameworks */,
				CC0000000000000000000602 /* Resources */,
			);
			buildRules = (
			);
			dependencies = (
			);
			name = "Clay Corner";
			productName = "Clay Corner";
			productReference = CC0000000000000000000023 /* Clay Corner.app */;
			productType = "com.apple.product-type.application";
		};
/* End PBXNativeTarget section */

/* Begin PBXProject section */
		CC0000000000000000000701 /* Project object */ = {
			isa = PBXProject;
			attributes = {
				BuildIndependentTargetsInParallel = 1;
				LastSwiftUpdateCheck = 1500;
				LastUpgradeCheck = 1500;
				TargetAttributes = {
					CC0000000000000000000401 = {
						CreatedOnToolsVersion = 15.0;
					};
				};
			};
			buildConfigurationList = CC0000000000000000000502 /* Build configuration list for PBXProject "Clay Corner" */;
			compatibilityVersion = "Xcode 14.0";
			developmentRegion = en;
			hasScannedForEncodings = 0;
			knownRegions = (
				en,
				Base,
			);
			mainGroup = CC0000000000000000000301;
			productRefGroup = CC0000000000000000000303 /* Products */;
			projectDirPath = "";
			projectRoot = "";
			targets = (
				CC0000000000000000000401 /* Clay Corner */,
			);
		};
/* End PBXProject section */

/* Begin PBXResourcesBuildPhase section */
		CC0000000000000000000602 /* Resources */ = {
			isa = PBXResourcesBuildPhase;
			buildActionMask = 2147483647;
			files = (
				CC0000000000000000000120 /* Assets.xcassets in Resources */,
				CC0000000000000000000121 /* Art in Resources */,
				CC0000000000000000000122 /* PrivacyInfo.xcprivacy in Resources */,
			);
			runOnlyForDeploymentPostprocessing = 0;
		};
/* End PBXResourcesBuildPhase section */

/* Begin PBXSourcesBuildPhase section */
		CC0000000000000000000601 /* Sources */ = {
			isa = PBXSourcesBuildPhase;
			buildActionMask = 2147483647;
			files = (
				CC0000000000000000000101 /* ClayCornerApp.swift in Sources */,
				CC0000000000000000000102 /* CornerWebPanel.swift in Sources */,
				CC0000000000000000000103 /* ClayLaunchScreen.swift in Sources */,
				CC0000000000000000000104 /* ClayTheme.swift in Sources */,
				CC0000000000000000000105 /* ClayIcons.swift in Sources */,
				CC0000000000000000000106 /* ClayModels.swift in Sources */,
				CC0000000000000000000107 /* ClayStore.swift in Sources */,
				CC0000000000000000000108 /* PotRender.swift in Sources */,
				CC0000000000000000000109 /* WheelStudioView.swift in Sources */,
				CC0000000000000000000110 /* GlazeStudioView.swift in Sources */,
				CC0000000000000000000111 /* KilnView.swift in Sources */,
				CC0000000000000000000112 /* GalleryView.swift in Sources */,
				CC0000000000000000000113 /* HandbookView.swift in Sources */,
				CC0000000000000000000114 /* HandbookContent.swift in Sources */,
				CC0000000000000000000115 /* MoreView.swift in Sources */,
				CC0000000000000000000116 /* OnboardingView.swift in Sources */,
				CC0000000000000000000117 /* RootView.swift in Sources */,
				CC0000000000000000000131 /* FormLibrary.swift in Sources */,
				CC0000000000000000000132 /* JourneyStore.swift in Sources */,
				CC0000000000000000000133 /* JourneyView.swift in Sources */,
				CC0000000000000000000134 /* ConfettiView.swift in Sources */,
			);
			runOnlyForDeploymentPostprocessing = 0;
		};
/* End PBXSourcesBuildPhase section */

/* Begin XCBuildConfiguration section */
		CC0000000000000000000801 /* Debug */ = {
			isa = XCBuildConfiguration;
			buildSettings = {
				ALWAYS_SEARCH_USER_PATHS = NO;
				CLANG_ANALYZER_NONNULL = YES;
				CLANG_ANALYZER_NUMBER_OBJECT_CONVERSION = YES_AGGRESSIVE;
				CLANG_CXX_LANGUAGE_STANDARD = "gnu++20";
				CLANG_ENABLE_MODULES = YES;
				CLANG_ENABLE_OBJC_ARC = YES;
				CLANG_ENABLE_OBJC_WEAK = YES;
				CLANG_WARN_BLOCK_CAPTURE_AUTORELEASING = YES;
				CLANG_WARN_BOOL_CONVERSION = YES;
				CLANG_WARN_COMMA = YES;
				CLANG_WARN_CONSTANT_CONVERSION = YES;
				CLANG_WARN_DEPRECATED_OBJC_IMPLEMENTATIONS = YES;
				CLANG_WARN_DIRECT_OBJC_ISA_USAGE = YES_ERROR;
				CLANG_WARN_DOCUMENTATION_COMMENTS = YES;
				CLANG_WARN_EMPTY_BODY = YES;
				CLANG_WARN_ENUM_CONVERSION = YES;
				CLANG_WARN_INFINITE_RECURSION = YES;
				CLANG_WARN_INT_CONVERSION = YES;
				CLANG_WARN_NON_LITERAL_NULL_CONVERSION = YES;
				CLANG_WARN_OBJC_IMPLICIT_RETAIN_SELF = YES;
				CLANG_WARN_OBJC_LITERAL_CONVERSION = YES;
				CLANG_WARN_OBJC_ROOT_CLASS = YES_ERROR;
				CLANG_WARN_QUOTED_INCLUDE_IN_FRAMEWORK_HEADER = YES;
				CLANG_WARN_RANGE_LOOP_ANALYSIS = YES;
				CLANG_WARN_STRICT_PROTOTYPES = YES;
				CLANG_WARN_SUSPICIOUS_MOVE = YES;
				CLANG_WARN_UNGUARDED_AVAILABILITY = YES_AGGRESSIVE;
				CLANG_WARN_UNREACHABLE_CODE = YES;
				CLANG_WARN__DUPLICATE_METHOD_MATCH = YES;
				COPY_PHASE_STRIP = NO;
				DEBUG_INFORMATION_FORMAT = dwarf;
				ENABLE_STRICT_OBJC_MSGSEND = YES;
				ENABLE_TESTABILITY = YES;
				ENABLE_USER_SCRIPT_SANDBOXING = YES;
				GCC_C_LANGUAGE_STANDARD = gnu17;
				GCC_DYNAMIC_NO_PIC = NO;
				GCC_NO_COMMON_BLOCKS = YES;
				GCC_OPTIMIZATION_LEVEL = 0;
				GCC_PREPROCESSOR_DEFINITIONS = (
					"DEBUG=1",
					"$(inherited)",
				);
				GCC_WARN_64_TO_32_BIT_CONVERSION = YES;
				GCC_WARN_ABOUT_RETURN_TYPE = YES_ERROR;
				GCC_WARN_UNDECLARED_SELECTOR = YES;
				GCC_WARN_UNINITIALIZED_AUTOS = YES_AGGRESSIVE;
				GCC_WARN_UNUSED_FUNCTION = YES;
				GCC_WARN_UNUSED_VARIABLE = YES;
				IPHONEOS_DEPLOYMENT_TARGET = 15.6;
				MTL_ENABLE_DEBUG_INFO = INCLUDE_SOURCE;
				MTL_FAST_MATH = YES;
				ONLY_ACTIVE_ARCH = YES;
				SDKROOT = iphoneos;
				SWIFT_ACTIVE_COMPILATION_CONDITIONS = "DEBUG $(inherited)";
				SWIFT_OPTIMIZATION_LEVEL = "-Onone";
			};
			name = Debug;
		};
		CC0000000000000000000802 /* Release */ = {
			isa = XCBuildConfiguration;
			buildSettings = {
				ALWAYS_SEARCH_USER_PATHS = NO;
				CLANG_ANALYZER_NONNULL = YES;
				CLANG_ANALYZER_NUMBER_OBJECT_CONVERSION = YES_AGGRESSIVE;
				CLANG_CXX_LANGUAGE_STANDARD = "gnu++20";
				CLANG_ENABLE_MODULES = YES;
				CLANG_ENABLE_OBJC_ARC = YES;
				CLANG_ENABLE_OBJC_WEAK = YES;
				CLANG_WARN_BLOCK_CAPTURE_AUTORELEASING = YES;
				CLANG_WARN_BOOL_CONVERSION = YES;
				CLANG_WARN_COMMA = YES;
				CLANG_WARN_CONSTANT_CONVERSION = YES;
				CLANG_WARN_DEPRECATED_OBJC_IMPLEMENTATIONS = YES;
				CLANG_WARN_DIRECT_OBJC_ISA_USAGE = YES_ERROR;
				CLANG_WARN_DOCUMENTATION_COMMENTS = YES;
				CLANG_WARN_EMPTY_BODY = YES;
				CLANG_WARN_ENUM_CONVERSION = YES;
				CLANG_WARN_INFINITE_RECURSION = YES;
				CLANG_WARN_INT_CONVERSION = YES;
				CLANG_WARN_NON_LITERAL_NULL_CONVERSION = YES;
				CLANG_WARN_OBJC_IMPLICIT_RETAIN_SELF = YES;
				CLANG_WARN_OBJC_LITERAL_CONVERSION = YES;
				CLANG_WARN_OBJC_ROOT_CLASS = YES_ERROR;
				CLANG_WARN_QUOTED_INCLUDE_IN_FRAMEWORK_HEADER = YES;
				CLANG_WARN_RANGE_LOOP_ANALYSIS = YES;
				CLANG_WARN_STRICT_PROTOTYPES = YES;
				CLANG_WARN_SUSPICIOUS_MOVE = YES;
				CLANG_WARN_UNGUARDED_AVAILABILITY = YES_AGGRESSIVE;
				CLANG_WARN_UNREACHABLE_CODE = YES;
				CLANG_WARN__DUPLICATE_METHOD_MATCH = YES;
				COPY_PHASE_STRIP = NO;
				DEBUG_INFORMATION_FORMAT = "dwarf-with-dsym";
				ENABLE_NS_ASSERTIONS = NO;
				ENABLE_STRICT_OBJC_MSGSEND = YES;
				ENABLE_USER_SCRIPT_SANDBOXING = YES;
				GCC_C_LANGUAGE_STANDARD = gnu17;
				GCC_NO_COMMON_BLOCKS = YES;
				GCC_WARN_64_TO_32_BIT_CONVERSION = YES;
				GCC_WARN_ABOUT_RETURN_TYPE = YES_ERROR;
				GCC_WARN_UNDECLARED_SELECTOR = YES;
				GCC_WARN_UNINITIALIZED_AUTOS = YES_AGGRESSIVE;
				GCC_WARN_UNUSED_FUNCTION = YES;
				GCC_WARN_UNUSED_VARIABLE = YES;
				IPHONEOS_DEPLOYMENT_TARGET = 15.6;
				MTL_ENABLE_DEBUG_INFO = NO;
				MTL_FAST_MATH = YES;
				SDKROOT = iphoneos;
				SWIFT_COMPILATION_MODE = wholemodule;
			};
			name = Release;
		};
		CC0000000000000000000803 /* Debug */ = {
			isa = XCBuildConfiguration;
			buildSettings = {
				ASSETCATALOG_COMPILER_APPICON_NAME = AppIcon;
				CODE_SIGN_IDENTITY = "";
				CODE_SIGN_STYLE = Manual;
				CURRENT_PROJECT_VERSION = 1;
				DEVELOPMENT_TEAM = "";
				ENABLE_PREVIEWS = YES;
				GENERATE_INFOPLIST_FILE = NO;
				INFOPLIST_FILE = "Clay Corner/Info.plist";
				IPHONEOS_DEPLOYMENT_TARGET = 15.6;
				LD_RUNPATH_SEARCH_PATHS = (
					"$(inherited)",
					"@executable_path/Frameworks",
				);
				MARKETING_VERSION = 1.0;
				PRODUCT_BUNDLE_IDENTIFIER = com.claycorner.app;
				PRODUCT_NAME = "$(TARGET_NAME)";
				SUPPORTED_PLATFORMS = "iphoneos iphonesimulator";
				SUPPORTS_MACCATALYST = NO;
				SUPPORTS_MAC_DESIGNED_FOR_IPHONE_IPAD = NO;
				SUPPORTS_XR_DESIGNED_FOR_IPHONE_IPAD = NO;
				SWIFT_EMIT_LOC_STRINGS = YES;
				SWIFT_VERSION = 5.0;
				TARGETED_DEVICE_FAMILY = 1;
			};
			name = Debug;
		};
		CC0000000000000000000804 /* Release */ = {
			isa = XCBuildConfiguration;
			buildSettings = {
				ASSETCATALOG_COMPILER_APPICON_NAME = AppIcon;
				CODE_SIGN_IDENTITY = "";
				CODE_SIGN_STYLE = Manual;
				CURRENT_PROJECT_VERSION = 1;
				DEVELOPMENT_TEAM = "";
				ENABLE_PREVIEWS = YES;
				GENERATE_INFOPLIST_FILE = NO;
				INFOPLIST_FILE = "Clay Corner/Info.plist";
				IPHONEOS_DEPLOYMENT_TARGET = 15.6;
				LD_RUNPATH_SEARCH_PATHS = (
					"$(inherited)",
					"@executable_path/Frameworks",
				);
				MARKETING_VERSION = 1.0;
				PRODUCT_BUNDLE_IDENTIFIER = com.claycorner.app;
				PRODUCT_NAME = "$(TARGET_NAME)";
				SUPPORTED_PLATFORMS = "iphoneos iphonesimulator";
				SUPPORTS_MACCATALYST = NO;
				SUPPORTS_MAC_DESIGNED_FOR_IPHONE_IPAD = NO;
				SUPPORTS_XR_DESIGNED_FOR_IPHONE_IPAD = NO;
				SWIFT_EMIT_LOC_STRINGS = YES;
				SWIFT_VERSION = 5.0;
				TARGETED_DEVICE_FAMILY = 1;
			};
			name = Release;
		};
/* End XCBuildConfiguration section */

/* Begin XCConfigurationList section */
		CC0000000000000000000501 /* Build configuration list for PBXNativeTarget "Clay Corner" */ = {
			isa = XCConfigurationList;
			buildConfigurations = (
				CC0000000000000000000803 /* Debug */,
				CC0000000000000000000804 /* Release */,
			);
			defaultConfigurationIsVisible = 0;
			defaultConfigurationName = Release;
		};
		CC0000000000000000000502 /* Build configuration list for PBXProject "Clay Corner" */ = {
			isa = XCConfigurationList;
			buildConfigurations = (
				CC0000000000000000000801 /* Debug */,
				CC0000000000000000000802 /* Release */,
			);
			defaultConfigurationIsVisible = 0;
			defaultConfigurationName = Release;
		};
/* End XCConfigurationList section */
	};
	rootObject = CC0000000000000000000701 /* Project object */;
}
